
Microsoft Visual Studio Solution File, Format Version 12.00
# Visual Studio Version 17
VisualStudioVersion = 17.2.32616.157
MinimumVisualStudioVersion = 10.0.40219.1
Project("{888888A0-9F3D-457C-B088-3A5042F75D52}") = "Password_Creation", "Password_Creation.pyproj", "{33A41185-8C7D-4385-8B04-8F6A908B12D9}"
EndProject
Global
	GlobalSection(SolutionConfigurationPlatforms) = preSolution
		Debug|Any CPU = Debug|Any CPU
		Release|Any CPU = Release|Any CPU
	EndGlobalSection
	GlobalSection(ProjectConfigurationPlatforms) = postSolution
		{33A41185-8C7D-4385-8B04-8F6A908B12D9}.Debug|Any CPU.ActiveCfg = Debug|Any CPU
		{33A41185-8C7D-4385-8B04-8F6A908B12D9}.Release|Any CPU.ActiveCfg = Release|Any CPU
	EndGlobalSection
	GlobalSection(SolutionProperties) = preSolution
		HideSolutionNode = FALSE
	EndGlobalSection
	GlobalSection(ExtensibilityGlobals) = postSolution
		SolutionGuid = {12826668-3488-420E-8990-688D6E587964}
	EndGlobalSection
EndGlobal
